// !$*UTF8*$!
{
	archiveVersion = 1;
	classes = {
	};
	objectVersion = 46;
	objects = {

/* Begin PBXBuildFile section */
		232C795414CDF5F100C3868D /* AlertPrompt.m in Sources */ = {isa = PBXBuildFile; fileRef = 232C795314CDF5F100C3868D /* AlertPrompt.m */; };
		232C795B14CF1A0900C3868D /* TunnelViewController.m in Sources */ = {isa = PBXBuildFile; fileRef = 232C795A14CF1A0900C3868D /* TunnelViewController.m */; };
		232C796514CF71AA00C3868D /* FavoritesView.m in Sources */ = {isa = PBXBuildFile; fileRef = 232C796414CF71AA00C3868D /* FavoritesView.m */; };
		232C796A14CF72A500C3868D /* FavoritesRenderer.m in Sources */ = {isa = PBXBuildFile; fileRef = 232C796914CF72A500C3868D /* FavoritesRenderer.m */; };
		232C796F14CF77EB00C3868D /* FavoritesViewController.m in Sources */ = {isa = PBXBuildFile; fileRef = 232C796E14CF77EB00C3868D /* FavoritesViewController.m */; };
		232C797A14D0A7E000C3868D /* Combo.m in Sources */ = {isa = PBXBuildFile; fileRef = 232C797914D0A7E000C3868D /* Combo.m */; };
		232D7A1014C8B23A00DD5911 /* UICustomActionSheet.m in Sources */ = {isa = PBXBuildFile; fileRef = 232D7A0F14C8B23A00DD5911 /* UICustomActionSheet.m */; };
		232D7A1214C8B4FC00DD5911 /* QuartzCore.framework in Frameworks */ = {isa = PBXBuildFile; fileRef = 232D7A1114C8B4FC00DD5911 /* QuartzCore.framework */; };
		23658CC114BDFB15002C0996 /* UIKit.framework in Frameworks */ = {isa = PBXBuildFile; fileRef = 23658CC014BDFB15002C0996 /* UIKit.framework */; };
		23658CC314BDFB15002C0996 /* Foundation.framework in Frameworks */ = {isa = PBXBuildFile; fileRef = 23658CC214BDFB15002C0996 /* Foundation.framework */; };
		23658CC514BDFB15002C0996 /* CoreGraphics.framework in Frameworks */ = {isa = PBXBuildFile; fileRef = 23658CC414BDFB15002C0996 /* CoreGraphics.framework */; };
		23658CCB14BDFB15002C0996 /* InfoPlist.strings in Resources */ = {isa = PBXBuildFile; fileRef = 23658CC914BDFB15002C0996 /* InfoPlist.strings */; };
		23658CCD14BDFB15002C0996 /* main.m in Sources */ = {isa = PBXBuildFile; fileRef = 23658CCC14BDFB15002C0996 /* main.m */; };
		23658CD114BDFB15002C0996 /* AppDelegate.m in Sources */ = {isa = PBXBuildFile; fileRef = 23658CD014BDFB15002C0996 /* AppDelegate.m */; };
		23658CE214BDFB15002C0996 /* SenTestingKit.framework in Frameworks */ = {isa = PBXBuildFile; fileRef = 23658CE114BDFB15002C0996 /* SenTestingKit.framework */; };
		23658CE314BDFB15002C0996 /* UIKit.framework in Frameworks */ = {isa = PBXBuildFile; fileRef = 23658CC014BDFB15002C0996 /* UIKit.framework */; };
		23658CE414BDFB15002C0996 /* Foundation.framework in Frameworks */ = {isa = PBXBuildFile; fileRef = 23658CC214BDFB15002C0996 /* Foundation.framework */; };
		23658CEC14BDFB15002C0996 /* InfoPlist.strings in Resources */ = {isa = PBXBuildFile; fileRef = 23658CEA14BDFB15002C0996 /* InfoPlist.strings */; };
		23658CEF14BDFB16002C0996 /* AvocadoTest1Tests.m in Sources */ = {isa = PBXBuildFile; fileRef = 23658CEE14BDFB16002C0996 /* AvocadoTest1Tests.m */; };
		23658D0114BDFF37002C0996 /* Order.m in Sources */ = {isa = PBXBuildFile; fileRef = 23658D0014BDFF37002C0996 /* Order.m */; };
		23658D0414BE12F4002C0996 /* Item.m in Sources */ = {isa = PBXBuildFile; fileRef = 23658D0314BE12F4002C0996 /* Item.m */; };
		23658D0714BE16B2002C0996 /* Option.m in Sources */ = {isa = PBXBuildFile; fileRef = 23658D0614BE16B2002C0996 /* Option.m */; };
		23658D0A14BE1D06002C0996 /* Choice.m in Sources */ = {isa = PBXBuildFile; fileRef = 23658D0914BE1D06002C0996 /* Choice.m */; };
		237EC00E14BE635C009D9268 /* ItemPage.m in Sources */ = {isa = PBXBuildFile; fileRef = 237EC00D14BE635C009D9268 /* ItemPage.m */; };
		237EC01314BE64D5009D9268 /* ItemPageView.m in Sources */ = {isa = PBXBuildFile; fileRef = 237EC01214BE64D5009D9268 /* ItemPageView.m */; };
		2391EA7314BE3699001BDC1B /* ConfigurableTableViewDataSource.m in Sources */ = {isa = PBXBuildFile; fileRef = 2391EA7114BE3699001BDC1B /* ConfigurableTableViewDataSource.m */; };
		2391EA7714BE387D001BDC1B /* CellInfo.m in Sources */ = {isa = PBXBuildFile; fileRef = 2391EA7614BE387D001BDC1B /* CellInfo.m */; };
		23AAD98B14BF525A00F88AA8 /* Utilities.m in Sources */ = {isa = PBXBuildFile; fileRef = 23AAD98A14BF525A00F88AA8 /* Utilities.m */; };
		23AAD99014BF68DC00F88AA8 /* MainPageView.m in Sources */ = {isa = PBXBuildFile; fileRef = 23AAD98F14BF68DC00F88AA8 /* MainPageView.m */; };
		23AAD99314BF690F00F88AA8 /* MainPageViewController.m in Sources */ = {isa = PBXBuildFile; fileRef = 23AAD99214BF690F00F88AA8 /* MainPageViewController.m */; };
		23C26A0014BFA8F100DD53DF /* OptionPage.m in Sources */ = {isa = PBXBuildFile; fileRef = 23C269FF14BFA8F100DD53DF /* OptionPage.m */; };
		23C26A0314BFA90A00DD53DF /* OptionPageView.m in Sources */ = {isa = PBXBuildFile; fileRef = 23C26A0214BFA90A00DD53DF /* OptionPageView.m */; };
		23C26A0A14C0F00600DD53DF /* Menu.m in Sources */ = {isa = PBXBuildFile; fileRef = 23C26A0914C0F00600DD53DF /* Menu.m */; };
		23C26A0F14C4887E00DD53DF /* TableData.m in Sources */ = {isa = PBXBuildFile; fileRef = 23C26A0E14C4887E00DD53DF /* TableData.m */; };
		23C26A1614C48F8B00DD53DF /* CellData.m in Sources */ = {isa = PBXBuildFile; fileRef = 23C26A1514C48F8B00DD53DF /* CellData.m */; };
		23C26A2014C4D5A700DD53DF /* MenuComponent.m in Sources */ = {isa = PBXBuildFile; fileRef = 23C26A1F14C4D5A600DD53DF /* MenuComponent.m */; };
		23C26A2314C4D6FA00DD53DF /* VisualizableData.m in Sources */ = {isa = PBXBuildFile; fileRef = 23C26A2214C4D6FA00DD53DF /* VisualizableData.m */; };
		23DA7A4014C60284008281DD /* Renderer.m in Sources */ = {isa = PBXBuildFile; fileRef = 23DA7A3F14C60284008281DD /* Renderer.m */; };
		23DA7A4314C603E4008281DD /* MenuComponentViewController.m in Sources */ = {isa = PBXBuildFile; fileRef = 23DA7A4214C603E4008281DD /* MenuComponentViewController.m */; };
		23DA7A4714C609FD008281DD /* MenuComponentRenderer.m in Sources */ = {isa = PBXBuildFile; fileRef = 23DA7A4614C609FD008281DD /* MenuComponentRenderer.m */; };
		23DA7A4C14C613D4008281DD /* MenuComponentView.m in Sources */ = {isa = PBXBuildFile; fileRef = 23DA7A4B14C613D4008281DD /* MenuComponentView.m */; };
		23DA7A5114C61926008281DD /* OrderRenderer.m in Sources */ = {isa = PBXBuildFile; fileRef = 23DA7A5014C61926008281DD /* OrderRenderer.m */; };
		23DA7A5414C61946008281DD /* OrderView.m in Sources */ = {isa = PBXBuildFile; fileRef = 23DA7A5314C61946008281DD /* OrderView.m */; };
		23DA7A5914C6283E008281DD /* OrderViewController.m in Sources */ = {isa = PBXBuildFile; fileRef = 23DA7A5814C6283E008281DD /* OrderViewController.m */; };
		23DA7A5E14C6310E008281DD /* ItemView.m in Sources */ = {isa = PBXBuildFile; fileRef = 23DA7A5D14C6310E008281DD /* ItemView.m */; };
		23DA7A6214C63242008281DD /* ItemRenderer.m in Sources */ = {isa = PBXBuildFile; fileRef = 23DA7A6114C63242008281DD /* ItemRenderer.m */; };
		23DA7A6714C63708008281DD /* ChoiceRenderer.m in Sources */ = {isa = PBXBuildFile; fileRef = 23DA7A6614C63708008281DD /* ChoiceRenderer.m */; };
		23DA7A6A14C63717008281DD /* OptionRenderer.m in Sources */ = {isa = PBXBuildFile; fileRef = 23DA7A6914C63717008281DD /* OptionRenderer.m */; };
		23DA7A6F14C63734008281DD /* MenuRenderer.m in Sources */ = {isa = PBXBuildFile; fileRef = 23DA7A6E14C63734008281DD /* MenuRenderer.m */; };
		23DA7A7614C63CA6008281DD /* MenuViewController.m in Sources */ = {isa = PBXBuildFile; fileRef = 23DA7A7514C63CA6008281DD /* MenuViewController.m */; };
		23DA7A7914C63CBB008281DD /* ItemViewController.m in Sources */ = {isa = PBXBuildFile; fileRef = 23DA7A7814C63CBB008281DD /* ItemViewController.m */; };
		23DA7A7C14C63CC8008281DD /* OptionViewController.m in Sources */ = {isa = PBXBuildFile; fileRef = 23DA7A7B14C63CC8008281DD /* OptionViewController.m */; };
		23DA7A8014C6401A008281DD /* OptionView.m in Sources */ = {isa = PBXBuildFile; fileRef = 23DA7A7F14C6401A008281DD /* OptionView.m */; };
		23DA7A8714C72F40008281DD /* MenuView.m in Sources */ = {isa = PBXBuildFile; fileRef = 23DA7A8614C72F40008281DD /* MenuView.m */; };
		23DA7A8C14C73DC1008281DD /* APICall.m in Sources */ = {isa = PBXBuildFile; fileRef = 23DA7A8B14C73DC1008281DD /* APICall.m */; };
		23DA7A9014C7473C008281DD /* GetMenu.m in Sources */ = {isa = PBXBuildFile; fileRef = 23DA7A8F14C7473C008281DD /* GetMenu.m */; };
		23DA7A9614C893F3008281DD /* green dot.png in Resources */ = {isa = PBXBuildFile; fileRef = 23DA7A9514C893F1008281DD /* green dot.png */; };
		23E7D87C14C9BA88006D6C13 /* behindButton.png in Resources */ = {isa = PBXBuildFile; fileRef = 23E7D87B14C9BA88006D6C13 /* behindButton.png */; };
/* End PBXBuildFile section */

/* Begin PBXContainerItemProxy section */
		23658CE514BDFB15002C0996 /* PBXContainerItemProxy */ = {
			isa = PBXContainerItemProxy;
			containerPortal = 23658CB314BDFB15002C0996 /* Project object */;
			proxyType = 1;
			remoteGlobalIDString = 23658CBB14BDFB15002C0996;
			remoteInfo = AvocadoTest1;
		};
/* End PBXContainerItemProxy section */

/* Begin PBXFileReference section */
		232C795214CDF5F100C3868D /* AlertPrompt.h */ = {isa = PBXFileReference; fileEncoding = 4; lastKnownFileType = sourcecode.c.h; path = AlertPrompt.h; sourceTree = "<group>"; };
		232C795314CDF5F100C3868D /* AlertPrompt.m */ = {isa = PBXFileReference; fileEncoding = 4; lastKnownFileType = sourcecode.c.objc; path = AlertPrompt.m; sourceTree = "<group>"; };
		232C795514CE061200C3868D /* OrderManagementDelegate.h */ = {isa = PBXFileReference; fileEncoding = 4; lastKnownFileType = sourcecode.c.h; path = OrderManagementDelegate.h; sourceTree = "<group>"; };
		232C795914CF1A0900C3868D /* TunnelViewController.h */ = {isa = PBXFileReference; fileEncoding = 4; lastKnownFileType = sourcecode.c.h; path = TunnelViewController.h; sourceTree = "<group>"; };
		232C795A14CF1A0900C3868D /* TunnelViewController.m */ = {isa = PBXFileReference; fileEncoding = 4; lastKnownFileType = sourcecode.c.objc; path = TunnelViewController.m; sourceTree = "<group>"; };
		232C795C14CF1E6A00C3868D /* LargeScopeControllerDelegate.h */ = {isa = PBXFileReference; fileEncoding = 4; lastKnownFileType = sourcecode.c.h; path = LargeScopeControllerDelegate.h; sourceTree = "<group>"; };
		232C795E14CF22FF00C3868D /* TunnelViewControllerDelegate.h */ = {isa = PBXFileReference; fileEncoding = 4; lastKnownFileType = sourcecode.c.h; path = TunnelViewControllerDelegate.h; sourceTree = "<group>"; };
		232C796314CF71AA00C3868D /* FavoritesView.h */ = {isa = PBXFileReference; fileEncoding = 4; lastKnownFileType = sourcecode.c.h; path = FavoritesView.h; sourceTree = "<group>"; };
		232C796414CF71AA00C3868D /* FavoritesView.m */ = {isa = PBXFileReference; fileEncoding = 4; lastKnownFileType = sourcecode.c.objc; path = FavoritesView.m; sourceTree = "<group>"; };
		232C796814CF72A500C3868D /* FavoritesRenderer.h */ = {isa = PBXFileReference; fileEncoding = 4; lastKnownFileType = sourcecode.c.h; path = FavoritesRenderer.h; sourceTree = "<group>"; };
		232C796914CF72A500C3868D /* FavoritesRenderer.m */ = {isa = PBXFileReference; fileEncoding = 4; lastKnownFileType = sourcecode.c.objc; path = FavoritesRenderer.m; sourceTree = "<group>"; };
		232C796D14CF77EB00C3868D /* FavoritesViewController.h */ = {isa = PBXFileReference; fileEncoding = 4; lastKnownFileType = sourcecode.c.h; path = FavoritesViewController.h; sourceTree = "<group>"; };
		232C796E14CF77EB00C3868D /* FavoritesViewController.m */ = {isa = PBXFileReference; fileEncoding = 4; lastKnownFileType = sourcecode.c.objc; path = FavoritesViewController.m; sourceTree = "<group>"; };
		232C797814D0A7E000C3868D /* Combo.h */ = {isa = PBXFileReference; fileEncoding = 4; lastKnownFileType = sourcecode.c.h; path = Combo.h; sourceTree = "<group>"; };
		232C797914D0A7E000C3868D /* Combo.m */ = {isa = PBXFileReference; fileEncoding = 4; lastKnownFileType = sourcecode.c.objc; path = Combo.m; sourceTree = "<group>"; };
		232D7A0E14C8B23A00DD5911 /* UICustomActionSheet.h */ = {isa = PBXFileReference; fileEncoding = 4; lastKnownFileType = sourcecode.c.h; path = UICustomActionSheet.h; sourceTree = "<group>"; };
		232D7A0F14C8B23A00DD5911 /* UICustomActionSheet.m */ = {isa = PBXFileReference; fileEncoding = 4; lastKnownFileType = sourcecode.c.objc; path = UICustomActionSheet.m; sourceTree = "<group>"; };
		232D7A1114C8B4FC00DD5911 /* QuartzCore.framework */ = {isa = PBXFileReference; lastKnownFileType = wrapper.framework; name = QuartzCore.framework; path = System/Library/Frameworks/QuartzCore.framework; sourceTree = SDKROOT; };
		23658CBC14BDFB15002C0996 /* AvocadoTest1.app */ = {isa = PBXFileReference; explicitFileType = wrapper.application; includeInIndex = 0; path = AvocadoTest1.app; sourceTree = BUILT_PRODUCTS_DIR; };
		23658CC014BDFB15002C0996 /* UIKit.framework */ = {isa = PBXFileReference; lastKnownFileType = wrapper.framework; name = UIKit.framework; path = System/Library/Frameworks/UIKit.framework; sourceTree = SDKROOT; };
		23658CC214BDFB15002C0996 /* Foundation.framework */ = {isa = PBXFileReference; lastKnownFileType = wrapper.framework; name = Foundation.framework; path = System/Library/Frameworks/Foundation.framework; sourceTree = SDKROOT; };
		23658CC414BDFB15002C0996 /* CoreGraphics.framework */ = {isa = PBXFileReference; lastKnownFileType = wrapper.framework; name = CoreGraphics.framework; path = System/Library/Frameworks/CoreGraphics.framework; sourceTree = SDKROOT; };
		23658CC814BDFB15002C0996 /* AvocadoTest1-Info.plist */ = {isa = PBXFileReference; lastKnownFileType = text.plist.xml; path = "AvocadoTest1-Info.plist"; sourceTree = "<group>"; };
		23658CCA14BDFB15002C0996 /* en */ = {isa = PBXFileReference; lastKnownFileType = text.plist.strings; name = en; path = en.lproj/InfoPlist.strings; sourceTree = "<group>"; };
		23658CCC14BDFB15002C0996 /* main.m */ = {isa = PBXFileReference; lastKnownFileType = sourcecode.c.objc; path = main.m; sourceTree = "<group>"; };
		23658CCE14BDFB15002C0996 /* AvocadoTest1-Prefix.pch */ = {isa = PBXFileReference; lastKnownFileType = sourcecode.c.h; path = "AvocadoTest1-Prefix.pch"; sourceTree = "<group>"; };
		23658CCF14BDFB15002C0996 /* AppDelegate.h */ = {isa = PBXFileReference; lastKnownFileType = sourcecode.c.h; path = AppDelegate.h; sourceTree = "<group>"; };
		23658CD014BDFB15002C0996 /* AppDelegate.m */ = {isa = PBXFileReference; lastKnownFileType = sourcecode.c.objc; path = AppDelegate.m; sourceTree = "<group>"; };
		23658CE014BDFB15002C0996 /* AvocadoTest1Tests.octest */ = {isa = PBXFileReference; explicitFileType = wrapper.cfbundle; includeInIndex = 0; path = AvocadoTest1Tests.octest; sourceTree = BUILT_PRODUCTS_DIR; };
		23658CE114BDFB15002C0996 /* SenTestingKit.framework */ = {isa = PBXFileReference; lastKnownFileType = wrapper.framework; name = SenTestingKit.framework; path = Library/Frameworks/SenTestingKit.framework; sourceTree = DEVELOPER_DIR; };
		23658CE914BDFB15002C0996 /* AvocadoTest1Tests-Info.plist */ = {isa = PBXFileReference; lastKnownFileType = text.plist.xml; path = "AvocadoTest1Tests-Info.plist"; sourceTree = "<group>"; };
		23658CEB14BDFB15002C0996 /* en */ = {isa = PBXFileReference; lastKnownFileType = text.plist.strings; name = en; path = en.lproj/InfoPlist.strings; sourceTree = "<group>"; };
		23658CED14BDFB16002C0996 /* AvocadoTest1Tests.h */ = {isa = PBXFileReference; lastKnownFileType = sourcecode.c.h; path = AvocadoTest1Tests.h; sourceTree = "<group>"; };
		23658CEE14BDFB16002C0996 /* AvocadoTest1Tests.m */ = {isa = PBXFileReference; lastKnownFileType = sourcecode.c.objc; path = AvocadoTest1Tests.m; sourceTree = "<group>"; };
		23658CFF14BDFF37002C0996 /* Order.h */ = {isa = PBXFileReference; fileEncoding = 4; lastKnownFileType = sourcecode.c.h; path = Order.h; sourceTree = "<group>"; };
		23658D0014BDFF37002C0996 /* Order.m */ = {isa = PBXFileReference; fileEncoding = 4; lastKnownFileType = sourcecode.c.objc; path = Order.m; sourceTree = "<group>"; };
		23658D0214BE12F4002C0996 /* Item.h */ = {isa = PBXFileReference; fileEncoding = 4; lastKnownFileType = sourcecode.c.h; path = Item.h; sourceTree = "<group>"; };
		23658D0314BE12F4002C0996 /* Item.m */ = {isa = PBXFileReference; fileEncoding = 4; lastKnownFileType = sourcecode.c.objc; path = Item.m; sourceTree = "<group>"; };
		23658D0514BE16B2002C0996 /* Option.h */ = {isa = PBXFileReference; fileEncoding = 4; lastKnownFileType = sourcecode.c.h; path = Option.h; sourceTree = "<group>"; };
		23658D0614BE16B2002C0996 /* Option.m */ = {isa = PBXFileReference; fileEncoding = 4; lastKnownFileType = sourcecode.c.objc; path = Option.m; sourceTree = "<group>"; };
		23658D0814BE1D06002C0996 /* Choice.h */ = {isa = PBXFileReference; fileEncoding = 4; lastKnownFileType = sourcecode.c.h; path = Choice.h; sourceTree = "<group>"; };
		23658D0914BE1D06002C0996 /* Choice.m */ = {isa = PBXFileReference; fileEncoding = 4; lastKnownFileType = sourcecode.c.objc; path = Choice.m; sourceTree = "<group>"; };
		237EC00C14BE635C009D9268 /* ItemPage.h */ = {isa = PBXFileReference; fileEncoding = 4; lastKnownFileType = sourcecode.c.h; path = ItemPage.h; sourceTree = "<group>"; };
		237EC00D14BE635C009D9268 /* ItemPage.m */ = {isa = PBXFileReference; fileEncoding = 4; lastKnownFileType = sourcecode.c.objc; path = ItemPage.m; sourceTree = "<group>"; };
		237EC01114BE64D5009D9268 /* ItemPageView.h */ = {isa = PBXFileReference; fileEncoding = 4; lastKnownFileType = sourcecode.c.h; path = ItemPageView.h; sourceTree = "<group>"; };
		237EC01214BE64D5009D9268 /* ItemPageView.m */ = {isa = PBXFileReference; fileEncoding = 4; lastKnownFileType = sourcecode.c.objc; path = ItemPageView.m; sourceTree = "<group>"; };
		2391EA7014BE3699001BDC1B /* ConfigurableTableViewDataSource.h */ = {isa = PBXFileReference; fileEncoding = 4; lastKnownFileType = sourcecode.c.h; path = ConfigurableTableViewDataSource.h; sourceTree = "<group>"; };
		2391EA7114BE3699001BDC1B /* ConfigurableTableViewDataSource.m */ = {isa = PBXFileReference; fileEncoding = 4; lastKnownFileType = sourcecode.c.objc; path = ConfigurableTableViewDataSource.m; sourceTree = "<group>"; };
		2391EA7514BE387D001BDC1B /* CellInfo.h */ = {isa = PBXFileReference; fileEncoding = 4; lastKnownFileType = sourcecode.c.h; path = CellInfo.h; sourceTree = "<group>"; };
		2391EA7614BE387D001BDC1B /* CellInfo.m */ = {isa = PBXFileReference; fileEncoding = 4; lastKnownFileType = sourcecode.c.objc; path = CellInfo.m; sourceTree = "<group>"; };
		23AAD98914BF525A00F88AA8 /* Utilities.h */ = {isa = PBXFileReference; fileEncoding = 4; lastKnownFileType = sourcecode.c.h; path = Utilities.h; sourceTree = "<group>"; };
		23AAD98A14BF525A00F88AA8 /* Utilities.m */ = {isa = PBXFileReference; fileEncoding = 4; lastKnownFileType = sourcecode.c.objc; path = Utilities.m; sourceTree = "<group>"; };
		23AAD98E14BF68DC00F88AA8 /* MainPageView.h */ = {isa = PBXFileReference; fileEncoding = 4; lastKnownFileType = sourcecode.c.h; path = MainPageView.h; sourceTree = "<group>"; };
		23AAD98F14BF68DC00F88AA8 /* MainPageView.m */ = {isa = PBXFileReference; fileEncoding = 4; lastKnownFileType = sourcecode.c.objc; path = MainPageView.m; sourceTree = "<group>"; };
		23AAD99114BF690F00F88AA8 /* MainPageViewController.h */ = {isa = PBXFileReference; fileEncoding = 4; lastKnownFileType = sourcecode.c.h; path = MainPageViewController.h; sourceTree = "<group>"; };
		23AAD99214BF690F00F88AA8 /* MainPageViewController.m */ = {isa = PBXFileReference; fileEncoding = 4; lastKnownFileType = sourcecode.c.objc; path = MainPageViewController.m; sourceTree = "<group>"; };
		23C269FE14BFA8F100DD53DF /* OptionPage.h */ = {isa = PBXFileReference; fileEncoding = 4; lastKnownFileType = sourcecode.c.h; path = OptionPage.h; sourceTree = "<group>"; };
		23C269FF14BFA8F100DD53DF /* OptionPage.m */ = {isa = PBXFileReference; fileEncoding = 4; lastKnownFileType = sourcecode.c.objc; path = OptionPage.m; sourceTree = "<group>"; };
		23C26A0114BFA90A00DD53DF /* OptionPageView.h */ = {isa = PBXFileReference; fileEncoding = 4; lastKnownFileType = sourcecode.c.h; path = OptionPageView.h; sourceTree = "<group>"; };
		23C26A0214BFA90A00DD53DF /* OptionPageView.m */ = {isa = PBXFileReference; fileEncoding = 4; lastKnownFileType = sourcecode.c.objc; path = OptionPageView.m; sourceTree = "<group>"; };
		23C26A0814C0F00600DD53DF /* Menu.h */ = {isa = PBXFileReference; fileEncoding = 4; lastKnownFileType = sourcecode.c.h; path = Menu.h; sourceTree = "<group>"; };
		23C26A0914C0F00600DD53DF /* Menu.m */ = {isa = PBXFileReference; fileEncoding = 4; lastKnownFileType = sourcecode.c.objc; path = Menu.m; sourceTree = "<group>"; };
		23C26A0D14C4887E00DD53DF /* TableData.h */ = {isa = PBXFileReference; fileEncoding = 4; lastKnownFileType = sourcecode.c.h; path = TableData.h; sourceTree = "<group>"; };
		23C26A0E14C4887E00DD53DF /* TableData.m */ = {isa = PBXFileReference; fileEncoding = 4; lastKnownFileType = sourcecode.c.objc; path = TableData.m; sourceTree = "<group>"; };
		23C26A1414C48F8B00DD53DF /* CellData.h */ = {isa = PBXFileReference; fileEncoding = 4; lastKnownFileType = sourcecode.c.h; path = CellData.h; sourceTree = "<group>"; };
		23C26A1514C48F8B00DD53DF /* CellData.m */ = {isa = PBXFileReference; fileEncoding = 4; lastKnownFileType = sourcecode.c.objc; path = CellData.m; sourceTree = "<group>"; };
		23C26A1E14C4D5A600DD53DF /* MenuComponent.h */ = {isa = PBXFileReference; fileEncoding = 4; lastKnownFileType = sourcecode.c.h; path = MenuComponent.h; sourceTree = "<group>"; };
		23C26A1F14C4D5A600DD53DF /* MenuComponent.m */ = {isa = PBXFileReference; fileEncoding = 4; lastKnownFileType = sourcecode.c.objc; path = MenuComponent.m; sourceTree = "<group>"; };
		23C26A2114C4D6FA00DD53DF /* VisualizableData.h */ = {isa = PBXFileReference; fileEncoding = 4; lastKnownFileType = sourcecode.c.h; path = VisualizableData.h; sourceTree = "<group>"; };
		23C26A2214C4D6FA00DD53DF /* VisualizableData.m */ = {isa = PBXFileReference; fileEncoding = 4; lastKnownFileType = sourcecode.c.objc; path = VisualizableData.m; sourceTree = "<group>"; };
		23DA7A3E14C60284008281DD /* Renderer.h */ = {isa = PBXFileReference; fileEncoding = 4; lastKnownFileType = sourcecode.c.h; path = Renderer.h; sourceTree = "<group>"; };
		23DA7A3F14C60284008281DD /* Renderer.m */ = {isa = PBXFileReference; fileEncoding = 4; lastKnownFileType = sourcecode.c.objc; path = Renderer.m; sourceTree = "<group>"; };
		23DA7A4114C603E4008281DD /* MenuComponentViewController.h */ = {isa = PBXFileReference; fileEncoding = 4; lastKnownFileType = sourcecode.c.h; path = MenuComponentViewController.h; sourceTree = "<group>"; };
		23DA7A4214C603E4008281DD /* MenuComponentViewController.m */ = {isa = PBXFileReference; fileEncoding = 4; lastKnownFileType = sourcecode.c.objc; path = MenuComponentViewController.m; sourceTree = "<group>"; };
		23DA7A4514C609FD008281DD /* MenuComponentRenderer.h */ = {isa = PBXFileReference; fileEncoding = 4; lastKnownFileType = sourcecode.c.h; path = MenuComponentRenderer.h; sourceTree = "<group>"; };
		23DA7A4614C609FD008281DD /* MenuComponentRenderer.m */ = {isa = PBXFileReference; fileEncoding = 4; lastKnownFileType = sourcecode.c.objc; path = MenuComponentRenderer.m; sourceTree = "<group>"; };
		23DA7A4A14C613D4008281DD /* MenuComponentView.h */ = {isa = PBXFileReference; fileEncoding = 4; lastKnownFileType = sourcecode.c.h; path = MenuComponentView.h; sourceTree = "<group>"; };
		23DA7A4B14C613D4008281DD /* MenuComponentView.m */ = {isa = PBXFileReference; fileEncoding = 4; lastKnownFileType = sourcecode.c.objc; path = MenuComponentView.m; sourceTree = "<group>"; };
		23DA7A4F14C61926008281DD /* OrderRenderer.h */ = {isa = PBXFileReference; fileEncoding = 4; lastKnownFileType = sourcecode.c.h; path = OrderRenderer.h; sourceTree = "<group>"; };
		23DA7A5014C61926008281DD /* OrderRenderer.m */ = {isa = PBXFileReference; fileEncoding = 4; lastKnownFileType = sourcecode.c.objc; path = OrderRenderer.m; sourceTree = "<group>"; };
		23DA7A5214C61946008281DD /* OrderView.h */ = {isa = PBXFileReference; fileEncoding = 4; lastKnownFileType = sourcecode.c.h; path = OrderView.h; sourceTree = "<group>"; };
		23DA7A5314C61946008281DD /* OrderView.m */ = {isa = PBXFileReference; fileEncoding = 4; lastKnownFileType = sourcecode.c.objc; path = OrderView.m; sourceTree = "<group>"; };
		23DA7A5714C6283E008281DD /* OrderViewController.h */ = {isa = PBXFileReference; fileEncoding = 4; lastKnownFileType = sourcecode.c.h; path = OrderViewController.h; sourceTree = "<group>"; };
		23DA7A5814C6283E008281DD /* OrderViewController.m */ = {isa = PBXFileReference; fileEncoding = 4; lastKnownFileType = sourcecode.c.objc; path = OrderViewController.m; sourceTree = "<group>"; };
		23DA7A5C14C6310E008281DD /* ItemView.h */ = {isa = PBXFileReference; fileEncoding = 4; lastKnownFileType = sourcecode.c.h; path = ItemView.h; sourceTree = "<group>"; };
		23DA7A5D14C6310E008281DD /* ItemView.m */ = {isa = PBXFileReference; fileEncoding = 4; lastKnownFileType = sourcecode.c.objc; path = ItemView.m; sourceTree = "<group>"; };
		23DA7A6014C63242008281DD /* ItemRenderer.h */ = {isa = PBXFileReference; fileEncoding = 4; lastKnownFileType = sourcecode.c.h; path = ItemRenderer.h; sourceTree = "<group>"; };
		23DA7A6114C63242008281DD /* ItemRenderer.m */ = {isa = PBXFileReference; fileEncoding = 4; lastKnownFileType = sourcecode.c.objc; path = ItemRenderer.m; sourceTree = "<group>"; };
		23DA7A6514C63708008281DD /* ChoiceRenderer.h */ = {isa = PBXFileReference; fileEncoding = 4; lastKnownFileType = sourcecode.c.h; path = ChoiceRenderer.h; sourceTree = "<group>"; };
		23DA7A6614C63708008281DD /* ChoiceRenderer.m */ = {isa = PBXFileReference; fileEncoding = 4; lastKnownFileType = sourcecode.c.objc; path = ChoiceRenderer.m; sourceTree = "<group>"; };
		23DA7A6814C63717008281DD /* OptionRenderer.h */ = {isa = PBXFileReference; fileEncoding = 4; lastKnownFileType = sourcecode.c.h; path = OptionRenderer.h; sourceTree = "<group>"; };
		23DA7A6914C63717008281DD /* OptionRenderer.m */ = {isa = PBXFileReference; fileEncoding = 4; lastKnownFileType = sourcecode.c.objc; path = OptionRenderer.m; sourceTree = "<group>"; };
		23DA7A6D14C63734008281DD /* MenuRenderer.h */ = {isa = PBXFileReference; fileEncoding = 4; lastKnownFileType = sourcecode.c.h; path = MenuRenderer.h; sourceTree = "<group>"; };
		23DA7A6E14C63734008281DD /* MenuRenderer.m */ = {isa = PBXFileReference; fileEncoding = 4; lastKnownFileType = sourcecode.c.objc; path = MenuRenderer.m; sourceTree = "<group>"; };
		23DA7A7414C63CA6008281DD /* MenuViewController.h */ = {isa = PBXFileReference; fileEncoding = 4; lastKnownFileType = sourcecode.c.h; path = MenuViewController.h; sourceTree = "<group>"; };
		23DA7A7514C63CA6008281DD /* MenuViewController.m */ = {isa = PBXFileReference; fileEncoding = 4; lastKnownFileType = sourcecode.c.objc; path = MenuViewController.m; sourceTree = "<group>"; };
		23DA7A7714C63CBB008281DD /* ItemViewController.h */ = {isa = PBXFileReference; fileEncoding = 4; lastKnownFileType = sourcecode.c.h; path = ItemViewController.h; sourceTree = "<group>"; };
		23DA7A7814C63CBB008281DD /* ItemViewController.m */ = {isa = PBXFileReference; fileEncoding = 4; lastKnownFileType = sourcecode.c.objc; path = ItemViewController.m; sourceTree = "<group>"; };
		23DA7A7A14C63CC8008281DD /* OptionViewController.h */ = {isa = PBXFileReference; fileEncoding = 4; lastKnownFileType = sourcecode.c.h; path = OptionViewController.h; sourceTree = "<group>"; };
		23DA7A7B14C63CC8008281DD /* OptionViewController.m */ = {isa = PBXFileReference; fileEncoding = 4; lastKnownFileType = sourcecode.c.objc; path = OptionViewController.m; sourceTree = "<group>"; };
		23DA7A7E14C6401A008281DD /* OptionView.h */ = {isa = PBXFileReference; fileEncoding = 4; lastKnownFileType = sourcecode.c.h; path = OptionView.h; sourceTree = "<group>"; };
		23DA7A7F14C6401A008281DD /* OptionView.m */ = {isa = PBXFileReference; fileEncoding = 4; lastKnownFileType = sourcecode.c.objc; path = OptionView.m; sourceTree = "<group>"; };
		23DA7A8514C72F40008281DD /* MenuView.h */ = {isa = PBXFileReference; fileEncoding = 4; lastKnownFileType = sourcecode.c.h; path = MenuView.h; sourceTree = "<group>"; };
		23DA7A8614C72F40008281DD /* MenuView.m */ = {isa = PBXFileReference; fileEncoding = 4; lastKnownFileType = sourcecode.c.objc; path = MenuView.m; sourceTree = "<group>"; };
		23DA7A8A14C73DC1008281DD /* APICall.h */ = {isa = PBXFileReference; fileEncoding = 4; lastKnownFileType = sourcecode.c.h; path = APICall.h; sourceTree = "<group>"; };
		23DA7A8B14C73DC1008281DD /* APICall.m */ = {isa = PBXFileReference; fileEncoding = 4; lastKnownFileType = sourcecode.c.objc; path = APICall.m; sourceTree = "<group>"; };
		23DA7A8D14C740B3008281DD /* APICallDelegate.h */ = {isa = PBXFileReference; fileEncoding = 4; lastKnownFileType = sourcecode.c.h; path = APICallDelegate.h; sourceTree = "<group>"; };
		23DA7A8E14C7473C008281DD /* GetMenu.h */ = {isa = PBXFileReference; fileEncoding = 4; lastKnownFileType = sourcecode.c.h; path = GetMenu.h; sourceTree = "<group>"; };
		23DA7A8F14C7473C008281DD /* GetMenu.m */ = {isa = PBXFileReference; fileEncoding = 4; lastKnownFileType = sourcecode.c.objc; path = GetMenu.m; sourceTree = "<group>"; };
		23DA7A9514C893F1008281DD /* green dot.png */ = {isa = PBXFileReference; lastKnownFileType = image.png; path = "green dot.png"; sourceTree = "<group>"; };
		23E7D87B14C9BA88006D6C13 /* behindButton.png */ = {isa = PBXFileReference; lastKnownFileType = image.png; path = behindButton.png; sourceTree = "<group>"; };
/* End PBXFileReference section */

/* Begin PBXFrameworksBuildPhase section */
		23658CB914BDFB15002C0996 /* Frameworks */ = {
			isa = PBXFrameworksBuildPhase;
			buildActionMask = 2147483647;
			files = (
				232D7A1214C8B4FC00DD5911 /* QuartzCore.framework in Frameworks */,
				23658CC114BDFB15002C0996 /* UIKit.framework in Frameworks */,
				23658CC314BDFB15002C0996 /* Foundation.framework in Frameworks */,
				23658CC514BDFB15002C0996 /* CoreGraphics.framework in Frameworks */,
			);
			runOnlyForDeploymentPostprocessing = 0;
		};
		23658CDC14BDFB15002C0996 /* Frameworks */ = {
			isa = PBXFrameworksBuildPhase;
			buildActionMask = 2147483647;
			files = (
				23658CE214BDFB15002C0996 /* SenTestingKit.framework in Frameworks */,
				23658CE314BDFB15002C0996 /* UIKit.framework in Frameworks */,
				23658CE414BDFB15002C0996 /* Foundation.framework in Frameworks */,
			);
			runOnlyForDeploymentPostprocessing = 0;
		};
/* End PBXFrameworksBuildPhase section */

/* Begin PBXGroup section */
		232C795114CDF5AB00C3868D /* AlertPrompt */ = {
			isa = PBXGroup;
			children = (
				232C795214CDF5F100C3868D /* AlertPrompt.h */,
				232C795314CDF5F100C3868D /* AlertPrompt.m */,
			);
			name = AlertPrompt;
			sourceTree = "<group>";
		};
		232C795714CF195200C3868D /* MenuComponentControllers */ = {
			isa = PBXGroup;
			children = (
				23DA7A4114C603E4008281DD /* MenuComponentViewController.h */,
				23DA7A4214C603E4008281DD /* MenuComponentViewController.m */,
				23DA7A7314C63C41008281DD /* MenuViewController */,
				23DA7A5614C627FC008281DD /* OrderViewController */,
				23DA7A7214C63C3C008281DD /* ItemViewController */,
				23DA7A7014C63C2A008281DD /* OptionViewController */,
			);
			name = MenuComponentControllers;
			sourceTree = "<group>";
		};
		232C795814CF196A00C3868D /* LargeScopeControllers */ = {
			isa = PBXGroup;
			children = (
				232C795C14CF1E6A00C3868D /* LargeScopeControllerDelegate.h */,
				232C795D14CF1E6F00C3868D /* TunnelViewController */,
			);
			name = LargeScopeControllers;
			sourceTree = "<group>";
		};
		232C795D14CF1E6F00C3868D /* TunnelViewController */ = {
			isa = PBXGroup;
			children = (
				232C795E14CF22FF00C3868D /* TunnelViewControllerDelegate.h */,
				232C795914CF1A0900C3868D /* TunnelViewController.h */,
				232C795A14CF1A0900C3868D /* TunnelViewController.m */,
			);
			name = TunnelViewController;
			sourceTree = "<group>";
		};
		232C796214CF716800C3868D /* FavoritesView */ = {
			isa = PBXGroup;
			children = (
				232C796314CF71AA00C3868D /* FavoritesView.h */,
				232C796414CF71AA00C3868D /* FavoritesView.m */,
			);
			name = FavoritesView;
			sourceTree = "<group>";
		};
		232C796614CF724900C3868D /* OtherRenderers */ = {
			isa = PBXGroup;
			children = (
				232C796714CF727D00C3868D /* FavoritesRenderer */,
			);
			name = OtherRenderers;
			sourceTree = "<group>";
		};
		232C796714CF727D00C3868D /* FavoritesRenderer */ = {
			isa = PBXGroup;
			children = (
				232C796814CF72A500C3868D /* FavoritesRenderer.h */,
				232C796914CF72A500C3868D /* FavoritesRenderer.m */,
			);
			name = FavoritesRenderer;
			sourceTree = "<group>";
		};
		232C796B14CF77A400C3868D /* OtherControllers */ = {
			isa = PBXGroup;
			children = (
				23DA7A8314C64680008281DD /* MainPageViewController */,
				232C796C14CF77CC00C3868D /* FavoritesViewController */,
			);
			name = OtherControllers;
			sourceTree = "<group>";
		};
		232C796C14CF77CC00C3868D /* FavoritesViewController */ = {
			isa = PBXGroup;
			children = (
				232C796D14CF77EB00C3868D /* FavoritesViewController.h */,
				232C796E14CF77EB00C3868D /* FavoritesViewController.m */,
			);
			name = FavoritesViewController;
			sourceTree = "<group>";
		};
		232C797714D0A77200C3868D /* Combo */ = {
			isa = PBXGroup;
			children = (
				232C797814D0A7E000C3868D /* Combo.h */,
				232C797914D0A7E000C3868D /* Combo.m */,
			);
			name = Combo;
			sourceTree = "<group>";
		};
		232D7A0B14C8B20200DD5911 /* Utilities */ = {
			isa = PBXGroup;
			children = (
				23AAD98914BF525A00F88AA8 /* Utilities.h */,
				23AAD98A14BF525A00F88AA8 /* Utilities.m */,
			);
			name = Utilities;
			sourceTree = "<group>";
		};
		232D7A0D14C8B21200DD5911 /* UICustomActionSheet */ = {
			isa = PBXGroup;
			children = (
				232D7A0E14C8B23A00DD5911 /* UICustomActionSheet.h */,
				232D7A0F14C8B23A00DD5911 /* UICustomActionSheet.m */,
			);
			name = UICustomActionSheet;
			sourceTree = "<group>";
		};
		23658CB114BDFB15002C0996 = {
			isa = PBXGroup;
			children = (
				232C795114CDF5AB00C3868D /* AlertPrompt */,
				23E7D87B14C9BA88006D6C13 /* behindButton.png */,
				232D7A1114C8B4FC00DD5911 /* QuartzCore.framework */,
				23DA7A9514C893F1008281DD /* green dot.png */,
				23DA7A8814C73D52008281DD /* API */,
				23AAD98714BF516700F88AA8 /* Global Helpers */,
				2391EA7814BE3D44001BDC1B /* Model Structure */,
				23DA7A5A14C63071008281DD /* Views */,
				23DA7A3814C60087008281DD /* Renderers */,
				23DA7A3914C600B1008281DD /* Controllers */,
				23DA7A3714C6003F008281DD /* Other Shit */,
				23DA7A3514C5FFCE008281DD /* Obsolete */,
			);
			sourceTree = "<group>";
		};
		23658CBD14BDFB15002C0996 /* Products */ = {
			isa = PBXGroup;
			children = (
				23658CBC14BDFB15002C0996 /* AvocadoTest1.app */,
				23658CE014BDFB15002C0996 /* AvocadoTest1Tests.octest */,
			);
			name = Products;
			sourceTree = "<group>";
		};
		23658CBF14BDFB15002C0996 /* Frameworks */ = {
			isa = PBXGroup;
			children = (
				23658CC014BDFB15002C0996 /* UIKit.framework */,
				23658CC214BDFB15002C0996 /* Foundation.framework */,
				23658CC414BDFB15002C0996 /* CoreGraphics.framework */,
				23658CE114BDFB15002C0996 /* SenTestingKit.framework */,
			);
			name = Frameworks;
			sourceTree = "<group>";
		};
		23658CC614BDFB15002C0996 /* AvocadoTest1 */ = {
			isa = PBXGroup;
			children = (
				23658CCF14BDFB15002C0996 /* AppDelegate.h */,
				23658CD014BDFB15002C0996 /* AppDelegate.m */,
				23658CC714BDFB15002C0996 /* Supporting Files */,
			);
			path = AvocadoTest1;
			sourceTree = "<group>";
		};
		23658CC714BDFB15002C0996 /* Supporting Files */ = {
			isa = PBXGroup;
			children = (
				23658CC814BDFB15002C0996 /* AvocadoTest1-Info.plist */,
				23658CC914BDFB15002C0996 /* InfoPlist.strings */,
				23658CCC14BDFB15002C0996 /* main.m */,
				23658CCE14BDFB15002C0996 /* AvocadoTest1-Prefix.pch */,
			);
			name = "Supporting Files";
			sourceTree = "<group>";
		};
		23658CE714BDFB15002C0996 /* AvocadoTest1Tests */ = {
			isa = PBXGroup;
			children = (
				23658CED14BDFB16002C0996 /* AvocadoTest1Tests.h */,
				23658CEE14BDFB16002C0996 /* AvocadoTest1Tests.m */,
				23658CE814BDFB15002C0996 /* Supporting Files */,
			);
			path = AvocadoTest1Tests;
			sourceTree = "<group>";
		};
		23658CE814BDFB15002C0996 /* Supporting Files */ = {
			isa = PBXGroup;
			children = (
				23658CE914BDFB15002C0996 /* AvocadoTest1Tests-Info.plist */,
				23658CEA14BDFB15002C0996 /* InfoPlist.strings */,
			);
			name = "Supporting Files";
			sourceTree = "<group>";
		};
		237EC00614BE55A7009D9268 /* ItemPage */ = {
			isa = PBXGroup;
			children = (
				237EC00C14BE635C009D9268 /* ItemPage.h */,
				237EC00D14BE635C009D9268 /* ItemPage.m */,
				237EC01114BE64D5009D9268 /* ItemPageView.h */,
				237EC01214BE64D5009D9268 /* ItemPageView.m */,
			);
			name = ItemPage;
			sourceTree = "<group>";
		};
		237EC00A14BE5824009D9268 /* Order */ = {
			isa = PBXGroup;
			children = (
				23658CFF14BDFF37002C0996 /* Order.h */,
				23658D0014BDFF37002C0996 /* Order.m */,
			);
			name = Order;
			sourceTree = "<group>";
		};
		237EC00B14BE5842009D9268 /* MenuComposites */ = {
			isa = PBXGroup;
			children = (
				23C26A1E14C4D5A600DD53DF /* MenuComponent.h */,
				23C26A1F14C4D5A600DD53DF /* MenuComponent.m */,
				232C797714D0A77200C3868D /* Combo */,
				23DA7A3D14C60133008281DD /* Menu */,
				237EC00A14BE5824009D9268 /* Order */,
				23DA7A3C14C60129008281DD /* Item */,
				23DA7A3B14C60117008281DD /* Option */,
				23DA7A3A14C60106008281DD /* Choice */,
			);
			name = MenuComposites;
			sourceTree = "<group>";
		};
		2391EA6F14BE35D4001BDC1B /* ConfigurableTableViewDataSource */ = {
			isa = PBXGroup;
			children = (
				2391EA7014BE3699001BDC1B /* ConfigurableTableViewDataSource.h */,
				2391EA7114BE3699001BDC1B /* ConfigurableTableViewDataSource.m */,
				2391EA7514BE387D001BDC1B /* CellInfo.h */,
				2391EA7614BE387D001BDC1B /* CellInfo.m */,
			);
			name = ConfigurableTableViewDataSource;
			sourceTree = "<group>";
		};
		2391EA7814BE3D44001BDC1B /* Model Structure */ = {
			isa = PBXGroup;
			children = (
				237EC00B14BE5842009D9268 /* MenuComposites */,
			);
			name = "Model Structure";
			sourceTree = "<group>";
		};
		23AAD98714BF516700F88AA8 /* Global Helpers */ = {
			isa = PBXGroup;
			children = (
				232D7A0D14C8B21200DD5911 /* UICustomActionSheet */,
				232D7A0B14C8B20200DD5911 /* Utilities */,
			);
			name = "Global Helpers";
			sourceTree = "<group>";
		};
		23AAD98D14BF685300F88AA8 /* MainPage */ = {
			isa = PBXGroup;
			children = (
			);
			name = MainPage;
			sourceTree = "<group>";
		};
		23AAD99414BF692500F88AA8 /* Pages */ = {
			isa = PBXGroup;
			children = (
				23C26A0B14C4752F00DD53DF /* MenuPage */,
				23AAD98D14BF685300F88AA8 /* MainPage */,
				23C269FD14BFA88F00DD53DF /* OptionPage */,
				237EC00614BE55A7009D9268 /* ItemPage */,
			);
			name = Pages;
			sourceTree = "<group>";
		};
		23C269FD14BFA88F00DD53DF /* OptionPage */ = {
			isa = PBXGroup;
			children = (
				23C269FE14BFA8F100DD53DF /* OptionPage.h */,
				23C269FF14BFA8F100DD53DF /* OptionPage.m */,
				23C26A0114BFA90A00DD53DF /* OptionPageView.h */,
				23C26A0214BFA90A00DD53DF /* OptionPageView.m */,
			);
			name = OptionPage;
			sourceTree = "<group>";
		};
		23C26A0B14C4752F00DD53DF /* MenuPage */ = {
			isa = PBXGroup;
			children = (
			);
			name = MenuPage;
			sourceTree = "<group>";
		};
		23C26A0C14C4884B00DD53DF /* VisualizableDataTypes */ = {
			isa = PBXGroup;
			children = (
				23C26A2114C4D6FA00DD53DF /* VisualizableData.h */,
				23C26A2214C4D6FA00DD53DF /* VisualizableData.m */,
				23C26A0D14C4887E00DD53DF /* TableData.h */,
				23C26A0E14C4887E00DD53DF /* TableData.m */,
			);
			name = VisualizableDataTypes;
			sourceTree = "<group>";
		};
		23DA7A3514C5FFCE008281DD /* Obsolete */ = {
			isa = PBXGroup;
			children = (
				23C26A0C14C4884B00DD53DF /* VisualizableDataTypes */,
				2391EA6F14BE35D4001BDC1B /* ConfigurableTableViewDataSource */,
				23AAD99414BF692500F88AA8 /* Pages */,
			);
			name = Obsolete;
			sourceTree = "<group>";
		};
		23DA7A3714C6003F008281DD /* Other Shit */ = {
			isa = PBXGroup;
			children = (
				23658CC614BDFB15002C0996 /* AvocadoTest1 */,
				23658CE714BDFB15002C0996 /* AvocadoTest1Tests */,
				23658CBF14BDFB15002C0996 /* Frameworks */,
				23658CBD14BDFB15002C0996 /* Products */,
			);
			name = "Other Shit";
			sourceTree = "<group>";
		};
		23DA7A3814C60087008281DD /* Renderers */ = {
			isa = PBXGroup;
			children = (
				23DA7A3E14C60284008281DD /* Renderer.h */,
				23DA7A3F14C60284008281DD /* Renderer.m */,
				23DA7A4414C609C6008281DD /* MenuCompositeRenderers */,
				232C796614CF724900C3868D /* OtherRenderers */,
				23DA7A5514C61FB6008281DD /* RendererHelpers */,
			);
			name = Renderers;
			sourceTree = "<group>";
		};
		23DA7A3914C600B1008281DD /* Controllers */ = {
			isa = PBXGroup;
			children = (
				232C795814CF196A00C3868D /* LargeScopeControllers */,
				232C795714CF195200C3868D /* MenuComponentControllers */,
				232C796B14CF77A400C3868D /* OtherControllers */,
			);
			name = Controllers;
			sourceTree = "<group>";
		};
		23DA7A3A14C60106008281DD /* Choice */ = {
			isa = PBXGroup;
			children = (
				23658D0814BE1D06002C0996 /* Choice.h */,
				23658D0914BE1D06002C0996 /* Choice.m */,
			);
			name = Choice;
			sourceTree = "<group>";
		};
		23DA7A3B14C60117008281DD /* Option */ = {
			isa = PBXGroup;
			children = (
				23658D0514BE16B2002C0996 /* Option.h */,
				23658D0614BE16B2002C0996 /* Option.m */,
			);
			name = Option;
			sourceTree = "<group>";
		};
		23DA7A3C14C60129008281DD /* Item */ = {
			isa = PBXGroup;
			children = (
				23658D0214BE12F4002C0996 /* Item.h */,
				23658D0314BE12F4002C0996 /* Item.m */,
			);
			name = Item;
			sourceTree = "<group>";
		};
		23DA7A3D14C60133008281DD /* Menu */ = {
			isa = PBXGroup;
			children = (
				23C26A0814C0F00600DD53DF /* Menu.h */,
				23C26A0914C0F00600DD53DF /* Menu.m */,
			);
			name = Menu;
			sourceTree = "<group>";
		};
		23DA7A4414C609C6008281DD /* MenuCompositeRenderers */ = {
			isa = PBXGroup;
			children = (
				23DA7A4514C609FD008281DD /* MenuComponentRenderer.h */,
				23DA7A4614C609FD008281DD /* MenuComponentRenderer.m */,
				23DA7A6B14C6371D008281DD /* MenuRenderer */,
				23DA7A4D14C618EE008281DD /* OrderRenderer */,
				23DA7A5F14C631F1008281DD /* ItemRenderer */,
				23DA7A6314C636D2008281DD /* OptionRenderer */,
				23DA7A6414C636E5008281DD /* ChoiceRenderer */,
			);
			name = MenuCompositeRenderers;
			sourceTree = "<group>";
		};
		23DA7A4914C61336008281DD /* MenuCompositeViews */ = {
			isa = PBXGroup;
			children = (
				23DA7A8414C72F22008281DD /* MenuView */,
				23DA7A4E14C618FF008281DD /* OrderView */,
				23DA7A5B14C630EE008281DD /* ItemView */,
				23DA7A7D14C63FFD008281DD /* OptionView */,
				23DA7A4A14C613D4008281DD /* MenuComponentView.h */,
				23DA7A4B14C613D4008281DD /* MenuComponentView.m */,
			);
			name = MenuCompositeViews;
			sourceTree = "<group>";
		};
		23DA7A4D14C618EE008281DD /* OrderRenderer */ = {
			isa = PBXGroup;
			children = (
				23DA7A4F14C61926008281DD /* OrderRenderer.h */,
				23DA7A5014C61926008281DD /* OrderRenderer.m */,
			);
			name = OrderRenderer;
			sourceTree = "<group>";
		};
		23DA7A4E14C618FF008281DD /* OrderView */ = {
			isa = PBXGroup;
			children = (
				23DA7A5214C61946008281DD /* OrderView.h */,
				23DA7A5314C61946008281DD /* OrderView.m */,
			);
			name = OrderView;
			sourceTree = "<group>";
		};
		23DA7A5514C61FB6008281DD /* RendererHelpers */ = {
			isa = PBXGroup;
			children = (
				23C26A1414C48F8B00DD53DF /* CellData.h */,
				23C26A1514C48F8B00DD53DF /* CellData.m */,
			);
			name = RendererHelpers;
			sourceTree = "<group>";
		};
		23DA7A5614C627FC008281DD /* OrderViewController */ = {
			isa = PBXGroup;
			children = (
				232C795514CE061200C3868D /* OrderManagementDelegate.h */,
				23DA7A5714C6283E008281DD /* OrderViewController.h */,
				23DA7A5814C6283E008281DD /* OrderViewController.m */,
			);
			name = OrderViewController;
			sourceTree = "<group>";
		};
		23DA7A5A14C63071008281DD /* Views */ = {
			isa = PBXGroup;
			children = (
				23DA7A8114C6462C008281DD /* OtherViews */,
				23DA7A4914C61336008281DD /* MenuCompositeViews */,
			);
			name = Views;
			sourceTree = "<group>";
		};
		23DA7A5B14C630EE008281DD /* ItemView */ = {
			isa = PBXGroup;
			children = (
				23DA7A5C14C6310E008281DD /* ItemView.h */,
				23DA7A5D14C6310E008281DD /* ItemView.m */,
			);
			name = ItemView;
			sourceTree = "<group>";
		};
		23DA7A5F14C631F1008281DD /* ItemRenderer */ = {
			isa = PBXGroup;
			children = (
				23DA7A6014C63242008281DD /* ItemRenderer.h */,
				23DA7A6114C63242008281DD /* ItemRenderer.m */,
			);
			name = ItemRenderer;
			sourceTree = "<group>";
		};
		23DA7A6314C636D2008281DD /* OptionRenderer */ = {
			isa = PBXGroup;
			children = (
				23DA7A6814C63717008281DD /* OptionRenderer.h */,
				23DA7A6914C63717008281DD /* OptionRenderer.m */,
			);
			name = OptionRenderer;
			sourceTree = "<group>";
		};
		23DA7A6414C636E5008281DD /* ChoiceRenderer */ = {
			isa = PBXGroup;
			children = (
				23DA7A6514C63708008281DD /* ChoiceRenderer.h */,
				23DA7A6614C63708008281DD /* ChoiceRenderer.m */,
			);
			name = ChoiceRenderer;
			sourceTree = "<group>";
		};
		23DA7A6B14C6371D008281DD /* MenuRenderer */ = {
			isa = PBXGroup;
			children = (
				23DA7A6D14C63734008281DD /* MenuRenderer.h */,
				23DA7A6E14C63734008281DD /* MenuRenderer.m */,
			);
			name = MenuRenderer;
			sourceTree = "<group>";
		};
		23DA7A7014C63C2A008281DD /* OptionViewController */ = {
			isa = PBXGroup;
			children = (
				23DA7A7A14C63CC8008281DD /* OptionViewController.h */,
				23DA7A7B14C63CC8008281DD /* OptionViewController.m */,
			);
			name = OptionViewController;
			sourceTree = "<group>";
		};
		23DA7A7214C63C3C008281DD /* ItemViewController */ = {
			isa = PBXGroup;
			children = (
				23DA7A7714C63CBB008281DD /* ItemViewController.h */,
				23DA7A7814C63CBB008281DD /* ItemViewController.m */,
			);
			name = ItemViewController;
			sourceTree = "<group>";
		};
		23DA7A7314C63C41008281DD /* MenuViewController */ = {
			isa = PBXGroup;
			children = (
				23DA7A7414C63CA6008281DD /* MenuViewController.h */,
				23DA7A7514C63CA6008281DD /* MenuViewController.m */,
			);
			name = MenuViewController;
			sourceTree = "<group>";
		};
		23DA7A7D14C63FFD008281DD /* OptionView */ = {
			isa = PBXGroup;
			children = (
				23DA7A7E14C6401A008281DD /* OptionView.h */,
				23DA7A7F14C6401A008281DD /* OptionView.m */,
			);
			name = OptionView;
			sourceTree = "<group>";
		};
		23DA7A8114C6462C008281DD /* OtherViews */ = {
			isa = PBXGroup;
			children = (
				232C796214CF716800C3868D /* FavoritesView */,
				23DA7A8214C64656008281DD /* MainPageView */,
			);
			name = OtherViews;
			sourceTree = "<group>";
		};
		23DA7A8214C64656008281DD /* MainPageView */ = {
			isa = PBXGroup;
			children = (
				23AAD98E14BF68DC00F88AA8 /* MainPageView.h */,
				23AAD98F14BF68DC00F88AA8 /* MainPageView.m */,
			);
			name = MainPageView;
			sourceTree = "<group>";
		};
		23DA7A8314C64680008281DD /* MainPageViewController */ = {
			isa = PBXGroup;
			children = (
				23AAD99114BF690F00F88AA8 /* MainPageViewController.h */,
				23AAD99214BF690F00F88AA8 /* MainPageViewController.m */,
			);
			name = MainPageViewController;
			sourceTree = "<group>";
		};
		23DA7A8414C72F22008281DD /* MenuView */ = {
			isa = PBXGroup;
			children = (
				23DA7A8514C72F40008281DD /* MenuView.h */,
				23DA7A8614C72F40008281DD /* MenuView.m */,
			);
			name = MenuView;
			sourceTree = "<group>";
		};
		23DA7A8814C73D52008281DD /* API */ = {
			isa = PBXGroup;
			children = (
				23DA7A8D14C740B3008281DD /* APICallDelegate.h */,
				23DA7A8A14C73DC1008281DD /* APICall.h */,
				23DA7A8B14C73DC1008281DD /* APICall.m */,
				23DA7A8E14C7473C008281DD /* GetMenu.h */,
				23DA7A8F14C7473C008281DD /* GetMenu.m */,
			);
			name = API;
			sourceTree = "<group>";
		};
/* End PBXGroup section */

/* Begin PBXNativeTarget section */
		23658CBB14BDFB15002C0996 /* AvocadoTest1 */ = {
			isa = PBXNativeTarget;
			buildConfigurationList = 23658CF214BDFB16002C0996 /* Build configuration list for PBXNativeTarget "AvocadoTest1" */;
			buildPhases = (
				23658CB814BDFB15002C0996 /* Sources */,
				23658CB914BDFB15002C0996 /* Frameworks */,
				23658CBA14BDFB15002C0996 /* Resources */,
			);
			buildRules = (
			);
			dependencies = (
			);
			name = AvocadoTest1;
			productName = AvocadoTest1;
			productReference = 23658CBC14BDFB15002C0996 /* AvocadoTest1.app */;
			productType = "com.apple.product-type.application";
		};
		23658CDF14BDFB15002C0996 /* AvocadoTest1Tests */ = {
			isa = PBXNativeTarget;
			buildConfigurationList = 23658CF514BDFB16002C0996 /* Build configuration list for PBXNativeTarget "AvocadoTest1Tests" */;
			buildPhases = (
				23658CDB14BDFB15002C0996 /* Sources */,
				23658CDC14BDFB15002C0996 /* Frameworks */,
				23658CDD14BDFB15002C0996 /* Resources */,
				23658CDE14BDFB15002C0996 /* ShellScript */,
			);
			buildRules = (
			);
			dependencies = (
				23658CE614BDFB15002C0996 /* PBXTargetDependency */,
			);
			name = AvocadoTest1Tests;
			productName = AvocadoTest1Tests;
			productReference = 23658CE014BDFB15002C0996 /* AvocadoTest1Tests.octest */;
			productType = "com.apple.product-type.bundle";
		};
/* End PBXNativeTarget section */

/* Begin PBXProject section */
		23658CB314BDFB15002C0996 /* Project object */ = {
			isa = PBXProject;
			attributes = {
				LastUpgradeCheck = 0420;
			};
			buildConfigurationList = 23658CB614BDFB15002C0996 /* Build configuration list for PBXProject "AvocadoTest1" */;
			compatibilityVersion = "Xcode 3.2";
			developmentRegion = English;
			hasScannedForEncodings = 0;
			knownRegions = (
				en,
			);
			mainGroup = 23658CB114BDFB15002C0996;
			productRefGroup = 23658CBD14BDFB15002C0996 /* Products */;
			projectDirPath = "";
			projectRoot = "";
			targets = (
				23658CBB14BDFB15002C0996 /* AvocadoTest1 */,
				23658CDF14BDFB15002C0996 /* AvocadoTest1Tests */,
			);
		};
/* End PBXProject section */

/* Begin PBXResourcesBuildPhase section */
		23658CBA14BDFB15002C0996 /* Resources */ = {
			isa = PBXResourcesBuildPhase;
			buildActionMask = 2147483647;
			files = (
				23658CCB14BDFB15002C0996 /* InfoPlist.strings in Resources */,
				23DA7A9614C893F3008281DD /* green dot.png in Resources */,
				23E7D87C14C9BA88006D6C13 /* behindButton.png in Resources */,
			);
			runOnlyForDeploymentPostprocessing = 0;
		};
		23658CDD14BDFB15002C0996 /* Resources */ = {
			isa = PBXResourcesBuildPhase;
			buildActionMask = 2147483647;
			files = (
				23658CEC14BDFB15002C0996 /* InfoPlist.strings in Resources */,
			);
			runOnlyForDeploymentPostprocessing = 0;
		};
/* End PBXResourcesBuildPhase section */

/* Begin PBXShellScriptBuildPhase section */
		23658CDE14BDFB15002C0996 /* ShellScript */ = {
			isa = PBXShellScriptBuildPhase;
			buildActionMask = 2147483647;
			files = (
			);
			inputPaths = (
			);
			outputPaths = (
			);
			runOnlyForDeploymentPostprocessing = 0;
			shellPath = /bin/sh;
			shellScript = "# Run the unit tests in this test bundle.\n\"${SYSTEM_DEVELOPER_DIR}/Tools/RunUnitTests\"\n";
		};
/* End PBXShellScriptBuildPhase section */

/* Begin PBXSourcesBuildPhase section */
		23658CB814BDFB15002C0996 /* Sources */ = {
			isa = PBXSourcesBuildPhase;
			buildActionMask = 2147483647;
			files = (
				23658CCD14BDFB15002C0996 /* main.m in Sources */,
				23658CD114BDFB15002C0996 /* AppDelegate.m in Sources */,
				23658D0114BDFF37002C0996 /* Order.m in Sources */,
				23658D0414BE12F4002C0996 /* Item.m in Sources */,
				23658D0714BE16B2002C0996 /* Option.m in Sources */,
				23658D0A14BE1D06002C0996 /* Choice.m in Sources */,
				2391EA7314BE3699001BDC1B /* ConfigurableTableViewDataSource.m in Sources */,
				2391EA7714BE387D001BDC1B /* CellInfo.m in Sources */,
				237EC00E14BE635C009D9268 /* ItemPage.m in Sources */,
				237EC01314BE64D5009D9268 /* ItemPageView.m in Sources */,
				23AAD98B14BF525A00F88AA8 /* Utilities.m in Sources */,
				23AAD99014BF68DC00F88AA8 /* MainPageView.m in Sources */,
				23AAD99314BF690F00F88AA8 /* MainPageViewController.m in Sources */,
				23C26A0014BFA8F100DD53DF /* OptionPage.m in Sources */,
				23C26A0314BFA90A00DD53DF /* OptionPageView.m in Sources */,
				23C26A0A14C0F00600DD53DF /* Menu.m in Sources */,
				23C26A0F14C4887E00DD53DF /* TableData.m in Sources */,
				23C26A1614C48F8B00DD53DF /* CellData.m in Sources */,
				23C26A2014C4D5A700DD53DF /* MenuComponent.m in Sources */,
				23C26A2314C4D6FA00DD53DF /* VisualizableData.m in Sources */,
				23DA7A4014C60284008281DD /* Renderer.m in Sources */,
				23DA7A4314C603E4008281DD /* MenuComponentViewController.m in Sources */,
				23DA7A4714C609FD008281DD /* MenuComponentRenderer.m in Sources */,
				23DA7A4C14C613D4008281DD /* MenuComponentView.m in Sources */,
				23DA7A5114C61926008281DD /* OrderRenderer.m in Sources */,
				23DA7A5414C61946008281DD /* OrderView.m in Sources */,
				23DA7A5914C6283E008281DD /* OrderViewController.m in Sources */,
				23DA7A5E14C6310E008281DD /* ItemView.m in Sources */,
				23DA7A6214C63242008281DD /* ItemRenderer.m in Sources */,
				23DA7A6714C63708008281DD /* ChoiceRenderer.m in Sources */,
				23DA7A6A14C63717008281DD /* OptionRenderer.m in Sources */,
				23DA7A6F14C63734008281DD /* MenuRenderer.m in Sources */,
				23DA7A7614C63CA6008281DD /* MenuViewController.m in Sources */,
				23DA7A7914C63CBB008281DD /* ItemViewController.m in Sources */,
				23DA7A7C14C63CC8008281DD /* OptionViewController.m in Sources */,
				23DA7A8014C6401A008281DD /* OptionView.m in Sources */,
				23DA7A8714C72F40008281DD /* MenuView.m in Sources */,
				23DA7A8C14C73DC1008281DD /* APICall.m in Sources */,
				23DA7A9014C7473C008281DD /* GetMenu.m in Sources */,
				232D7A1014C8B23A00DD5911 /* UICustomActionSheet.m in Sources */,
				232C795414CDF5F100C3868D /* AlertPrompt.m in Sources */,
				232C795B14CF1A0900C3868D /* TunnelViewController.m in Sources */,
				232C796514CF71AA00C3868D /* FavoritesView.m in Sources */,
				232C796A14CF72A500C3868D /* FavoritesRenderer.m in Sources */,
				232C796F14CF77EB00C3868D /* FavoritesViewController.m in Sources */,
				232C797A14D0A7E000C3868D /* Combo.m in Sources */,
			);
			runOnlyForDeploymentPostprocessing = 0;
		};
		23658CDB14BDFB15002C0996 /* Sources */ = {
			isa = PBXSourcesBuildPhase;
			buildActionMask = 2147483647;
			files = (
				23658CEF14BDFB16002C0996 /* AvocadoTest1Tests.m in Sources */,
			);
			runOnlyForDeploymentPostprocessing = 0;
		};
/* End PBXSourcesBuildPhase section */

/* Begin PBXTargetDependency section */
		23658CE614BDFB15002C0996 /* PBXTargetDependency */ = {
			isa = PBXTargetDependency;
			target = 23658CBB14BDFB15002C0996 /* AvocadoTest1 */;
			targetProxy = 23658CE514BDFB15002C0996 /* PBXContainerItemProxy */;
		};
/* End PBXTargetDependency section */

/* Begin PBXVariantGroup section */
		23658CC914BDFB15002C0996 /* InfoPlist.strings */ = {
			isa = PBXVariantGroup;
			children = (
				23658CCA14BDFB15002C0996 /* en */,
			);
			name = InfoPlist.strings;
			sourceTree = "<group>";
		};
		23658CEA14BDFB15002C0996 /* InfoPlist.strings */ = {
			isa = PBXVariantGroup;
			children = (
				23658CEB14BDFB15002C0996 /* en */,
			);
			name = InfoPlist.strings;
			sourceTree = "<group>";
		};
/* End PBXVariantGroup section */

/* Begin XCBuildConfiguration section */
		23658CF014BDFB16002C0996 /* Debug */ = {
			isa = XCBuildConfiguration;
			buildSettings = {
				ALWAYS_SEARCH_USER_PATHS = NO;
				ARCHS = "$(ARCHS_STANDARD_32_BIT)";
				CLANG_ENABLE_OBJC_ARC = YES;
				"CODE_SIGN_IDENTITY[sdk=iphoneos*]" = "iPhone Developer";
				COPY_PHASE_STRIP = NO;
				GCC_C_LANGUAGE_STANDARD = gnu99;
				GCC_DYNAMIC_NO_PIC = NO;
				GCC_OPTIMIZATION_LEVEL = 0;
				GCC_PREPROCESSOR_DEFINITIONS = (
					"DEBUG=1",
					"$(inherited)",
				);
				GCC_SYMBOLS_PRIVATE_EXTERN = NO;
				GCC_VERSION = com.apple.compilers.llvm.clang.1_0;
				GCC_WARN_ABOUT_MISSING_PROTOTYPES = YES;
				GCC_WARN_ABOUT_RETURN_TYPE = YES;
				GCC_WARN_UNUSED_VARIABLE = YES;
				IPHONEOS_DEPLOYMENT_TARGET = 5.0;
				SDKROOT = iphoneos;
				TARGETED_DEVICE_FAMILY = "1,2";
			};
			name = Debug;
		};
		23658CF114BDFB16002C0996 /* Release */ = {
			isa = XCBuildConfiguration;
			buildSettings = {
				ALWAYS_SEARCH_USER_PATHS = NO;
				ARCHS = "$(ARCHS_STANDARD_32_BIT)";
				CLANG_ENABLE_OBJC_ARC = YES;
				"CODE_SIGN_IDENTITY[sdk=iphoneos*]" = "iPhone Developer";
				COPY_PHASE_STRIP = YES;
				GCC_C_LANGUAGE_STANDARD = gnu99;
				GCC_VERSION = com.apple.compilers.llvm.clang.1_0;
				GCC_WARN_ABOUT_MISSING_PROTOTYPES = YES;
				GCC_WARN_ABOUT_RETURN_TYPE = YES;
				GCC_WARN_UNUSED_VARIABLE = YES;
				IPHONEOS_DEPLOYMENT_TARGET = 5.0;
				OTHER_CFLAGS = "-DNS_BLOCK_ASSERTIONS=1";
				SDKROOT = iphoneos;
				TARGETED_DEVICE_FAMILY = "1,2";
				VALIDATE_PRODUCT = YES;
			};
			name = Release;
		};
		23658CF314BDFB16002C0996 /* Debug */ = {
			isa = XCBuildConfiguration;
			buildSettings = {
				GCC_PRECOMPILE_PREFIX_HEADER = YES;
				GCC_PREFIX_HEADER = "AvocadoTest1/AvocadoTest1-Prefix.pch";
				INFOPLIST_FILE = "AvocadoTest1/AvocadoTest1-Info.plist";
				PRODUCT_NAME = "$(TARGET_NAME)";
				TARGETED_DEVICE_FAMILY = 1;
				WRAPPER_EXTENSION = app;
			};
			name = Debug;
		};
		23658CF414BDFB16002C0996 /* Release */ = {
			isa = XCBuildConfiguration;
			buildSettings = {
				GCC_PRECOMPILE_PREFIX_HEADER = YES;
				GCC_PREFIX_HEADER = "AvocadoTest1/AvocadoTest1-Prefix.pch";
				INFOPLIST_FILE = "AvocadoTest1/AvocadoTest1-Info.plist";
				PRODUCT_NAME = "$(TARGET_NAME)";
				TARGETED_DEVICE_FAMILY = 1;
				WRAPPER_EXTENSION = app;
			};
			name = Release;
		};
		23658CF614BDFB16002C0996 /* Debug */ = {
			isa = XCBuildConfiguration;
			buildSettings = {
				BUNDLE_LOADER = "$(BUILT_PRODUCTS_DIR)/AvocadoTest1.app/AvocadoTest1";
				FRAMEWORK_SEARCH_PATHS = (
					"$(SDKROOT)/Developer/Library/Frameworks",
					"$(DEVELOPER_LIBRARY_DIR)/Frameworks",
				);
				GCC_PRECOMPILE_PREFIX_HEADER = YES;
				GCC_PREFIX_HEADER = "AvocadoTest1/AvocadoTest1-Prefix.pch";
				INFOPLIST_FILE = "AvocadoTest1Tests/AvocadoTest1Tests-Info.plist";
				PRODUCT_NAME = "$(TARGET_NAME)";
				TEST_HOST = "$(BUNDLE_LOADER)";
				WRAPPER_EXTENSION = octest;
			};
			name = Debug;
		};
		23658CF714BDFB16002C0996 /* Release */ = {
			isa = XCBuildConfiguration;
			buildSettings = {
				BUNDLE_LOADER = "$(BUILT_PRODUCTS_DIR)/AvocadoTest1.app/AvocadoTest1";
				FRAMEWORK_SEARCH_PATHS = (
					"$(SDKROOT)/Developer/Library/Frameworks",
					"$(DEVELOPER_LIBRARY_DIR)/Frameworks",
				);
				GCC_PRECOMPILE_PREFIX_HEADER = YES;
				GCC_PREFIX_HEADER = "AvocadoTest1/AvocadoTest1-Prefix.pch";
				INFOPLIST_FILE = "AvocadoTest1Tests/AvocadoTest1Tests-Info.plist";
				PRODUCT_NAME = "$(TARGET_NAME)";
				TEST_HOST = "$(BUNDLE_LOADER)";
				WRAPPER_EXTENSION = octest;
			};
			name = Release;
		};
/* End XCBuildConfiguration section */

/* Begin XCConfigurationList section */
		23658CB614BDFB15002C0996 /* Build configuration list for PBXProject "AvocadoTest1" */ = {
			isa = XCConfigurationList;
			buildConfigurations = (
				23658CF014BDFB16002C0996 /* Debug */,
				23658CF114BDFB16002C0996 /* Release */,
			);
			defaultConfigurationIsVisible = 0;
			defaultConfigurationName = Release;
		};
		23658CF214BDFB16002C0996 /* Build configuration list for PBXNativeTarget "AvocadoTest1" */ = {
			isa = XCConfigurationList;
			buildConfigurations = (
				23658CF314BDFB16002C0996 /* Debug */,
				23658CF414BDFB16002C0996 /* Release */,
			);
			defaultConfigurationIsVisible = 0;
			defaultConfigurationName = Release;
		};
		23658CF514BDFB16002C0996 /* Build configuration list for PBXNativeTarget "AvocadoTest1Tests" */ = {
			isa = XCConfigurationList;
			buildConfigurations = (
				23658CF614BDFB16002C0996 /* Debug */,
				23658CF714BDFB16002C0996 /* Release */,
			);
			defaultConfigurationIsVisible = 0;
			defaultConfigurationName = Release;
		};
/* End XCConfigurationList section */
	};
	rootObject = 23658CB314BDFB15002C0996 /* Project object */;
}
